
Microsoft Visual Studio Solution File, Format Version 12.00
# Visual Studio Version 17
VisualStudioVersion = 17.7.34024.191
MinimumVisualStudioVersion = 10.0.40219.1
Project("{FAE04EC0-301F-11D3-BF4B-00C04F79EFBC}") = "Task1", "Task1.csproj", "{EFCD82A1-6EDE-4470-AEEE-F897A9D1D1D0}"
EndProject
Global
	GlobalSection(SolutionConfigurationPlatforms) = preSolution
		Debug|Any CPU = Debug|Any CPU
		Release|Any CPU = Release|Any CPU
	EndGlobalSection
	GlobalSection(ProjectConfigurationPlatforms) = postSolution
		{EFCD82A1-6EDE-4470-AEEE-F897A9D1D1D0}.Debug|Any CPU.ActiveCfg = Debug|Any CPU
		{EFCD82A1-6EDE-4470-AEEE-F897A9D1D1D0}.Debug|Any CPU.Build.0 = Debug|Any CPU
		{EFCD82A1-6EDE-4470-AEEE-F897A9D1D1D0}.Release|Any CPU.ActiveCfg = Release|Any CPU
		{EFCD82A1-6EDE-4470-AEEE-F897A9D1D1D0}.Release|Any CPU.Build.0 = Release|Any CPU
	EndGlobalSection
	GlobalSection(SolutionProperties) = preSolution
		HideSolutionNode = FALSE
	EndGlobalSection
	GlobalSection(ExtensibilityGlobals) = postSolution
		SolutionGuid = {63C88335-CAEE-40E8-B5E3-52E110DE53EF}
	EndGlobalSection
EndGlobal
